# SUPERBROWKY — pinned upstream versions.
#
# Both Bash and PowerShell installers read their pins from here.
#
# Check for upstream drift (read-only, edits nothing):
#   bash install-skills.sh --check-updates
# Preview current upstream HEAD without applying it:
#   bash install-skills.sh --latest
#
# Format: <repo slug>=<40-character commit>, one per line.

# --- Upstream skill repos (commit SHA — verified known-good) ---
emilkowalski/skills=e695d13cb298db0f46d5ef05be2ad13fa12908a6
Leonxlnx/taste-skill=1a6dc0a5ac5d0152120938bf66ed67ea2ec8e552
coreyhaines31/marketingskills=7f4af1ea8e7809e0142c55bf19243a706f539c25
hardikpandya/stop-slop=8da1f030185bdfe8471220585162991eaeb970e9
pbakaus/impeccable=e587004ee42883dad40d14cd0f5e1b21ae1933df

# `impeccable` is fetched from the pinned repository snapshot above. The kit no
# longer runs a live npm installer whose downloaded skill content could drift.
